Microsoft Visual Studio Solution File, Format Version 12.00
# Visual Studio Version 17
VisualStudioVersion = 17.0.31903.59
MinimumVisualStudioVersion = 10.0.40219.1
Project("{FAE04EC0-301F-11D3-BF4B-00C04F79EFBC}") = "WakeUp", "src\WakeUp\WakeUp.csproj", "{67A5DA96-DB92-40A1-B29B-079A76C90D7D}"
EndProject
Project("{FAE04EC0-301F-11D3-BF4B-00C04F79EFBC}") = "WakeUp.Tests", "tests\WakeUp.Tests\WakeUp.Tests.csproj", "{A2F534D7-AF97-46F8-BBA0-777D2CAC0593}"
EndProject
Global
	GlobalSection(SolutionConfigurationPlatforms) = preSolution
		Debug|Any CPU = Debug|Any CPU
		Release|Any CPU = Release|Any CPU
	EndGlobalSection
	GlobalSection(ProjectConfigurationPlatforms) = postSolution
		{67A5DA96-DB92-40A1-B29B-079A76C90D7D}.Debug|Any CPU.ActiveCfg = Debug|Any CPU
		{67A5DA96-DB92-40A1-B29B-079A76C90D7D}.Debug|Any CPU.Build.0 = Debug|Any CPU
		{67A5DA96-DB92-40A1-B29B-079A76C90D7D}.Release|Any CPU.ActiveCfg = Release|Any CPU
		{67A5DA96-DB92-40A1-B29B-079A76C90D7D}.Release|Any CPU.Build.0 = Release|Any CPU
		{A2F534D7-AF97-46F8-BBA0-777D2CAC0593}.Debug|Any CPU.ActiveCfg = Debug|Any CPU
		{A2F534D7-AF97-46F8-BBA0-777D2CAC0593}.Debug|Any CPU.Build.0 = Debug|Any CPU
		{A2F534D7-AF97-46F8-BBA0-777D2CAC0593}.Release|Any CPU.ActiveCfg = Release|Any CPU
		{A2F534D7-AF97-46F8-BBA0-777D2CAC0593}.Release|Any CPU.Build.0 = Release|Any CPU
	EndGlobalSection
EndGlobal
